
Microsoft Visual Studio Solution File, Format Version 12.00
# Visual Studio Version 17
VisualStudioVersion = 17.0.31903.59
MinimumVisualStudioVersion = 10.0.40219.1
Project("{FAE04EC0-301F-11D3-BF4B-00C04F79EFBC}") = "HarmonicOrbits", "HarmonicOrbits\HarmonicOrbits.csproj", "{D8928C4A-6C20-4147-97E2-5331D5327116}"
EndProject
Project("{2150E333-8FDC-42A3-9474-1A3956D46DE8}") = "Tests", "Tests", "{0AB3BF05-4346-4AA6-1389-037BE0695223}"
EndProject
Project("{FAE04EC0-301F-11D3-BF4B-00C04F79EFBC}") = "HarmonicOrbits.Tests", "Tests\HarmonicOrbits.Tests\HarmonicOrbits.Tests.csproj", "{3838D5D5-EE20-4685-92AD-0BD65D63DC26}"
EndProject
Global
	GlobalSection(SolutionConfigurationPlatforms) = preSolution
		Debug|Any CPU = Debug|Any CPU
		Debug|x64 = Debug|x64
		Debug|x86 = Debug|x86
		Release|Any CPU = Release|Any CPU
		Release|x64 = Release|x64
		Release|x86 = Release|x86
	EndGlobalSection
	GlobalSection(ProjectConfigurationPlatforms) = postSolution
		{D8928C4A-6C20-4147-97E2-5331D5327116}.Debug|Any CPU.ActiveCfg = Debug|Any CPU
		{D8928C4A-6C20-4147-97E2-5331D5327116}.Debug|Any CPU.Build.0 = Debug|Any CPU
		{D8928C4A-6C20-4147-97E2-5331D5327116}.Debug|x64.ActiveCfg = Debug|Any CPU
		{D8928C4A-6C20-4147-97E2-5331D5327116}.Debug|x64.Build.0 = Debug|Any CPU
		{D8928C4A-6C20-4147-97E2-5331D5327116}.Debug|x86.ActiveCfg = Debug|Any CPU
		{D8928C4A-6C20-4147-97E2-5331D5327116}.Debug|x86.Build.0 = Debug|Any CPU
		{D8928C4A-6C20-4147-97E2-5331D5327116}.Release|Any CPU.ActiveCfg = Release|Any CPU
		{D8928C4A-6C20-4147-97E2-5331D5327116}.Release|Any CPU.Build.0 = Release|Any CPU
		{D8928C4A-6C20-4147-97E2-5331D5327116}.Release|x64.ActiveCfg = Release|Any CPU
		{D8928C4A-6C20-4147-97E2-5331D5327116}.Release|x64.Build.0 = Release|Any CPU
		{D8928C4A-6C20-4147-97E2-5331D5327116}.Release|x86.ActiveCfg = Release|Any CPU
		{D8928C4A-6C20-4147-97E2-5331D5327116}.Release|x86.Build.0 = Release|Any CPU
		{3838D5D5-EE20-4685-92AD-0BD65D63DC26}.Debug|Any CPU.ActiveCfg = Debug|Any CPU
		{3838D5D5-EE20-4685-92AD-0BD65D63DC26}.Debug|Any CPU.Build.0 = Debug|Any CPU
		{3838D5D5-EE20-4685-92AD-0BD65D63DC26}.Debug|x64.ActiveCfg = Debug|Any CPU
		{3838D5D5-EE20-4685-92AD-0BD65D63DC26}.Debug|x64.Build.0 = Debug|Any CPU
		{3838D5D5-EE20-4685-92AD-0BD65D63DC26}.Debug|x86.ActiveCfg = Debug|Any CPU
		{3838D5D5-EE20-4685-92AD-0BD65D63DC26}.Debug|x86.Build.0 = Debug|Any CPU
		{3838D5D5-EE20-4685-92AD-0BD65D63DC26}.Release|Any CPU.ActiveCfg = Release|Any CPU
		{3838D5D5-EE20-4685-92AD-0BD65D63DC26}.Release|Any CPU.Build.0 = Release|Any CPU
		{3838D5D5-EE20-4685-92AD-0BD65D63DC26}.Release|x64.ActiveCfg = Release|Any CPU
		{3838D5D5-EE20-4685-92AD-0BD65D63DC26}.Release|x64.Build.0 = Release|Any CPU
		{3838D5D5-EE20-4685-92AD-0BD65D63DC26}.Release|x86.ActiveCfg = Release|Any CPU
		{3838D5D5-EE20-4685-92AD-0BD65D63DC26}.Release|x86.Build.0 = Release|Any CPU
	EndGlobalSection
	GlobalSection(SolutionProperties) = preSolution
		HideSolutionNode = FALSE
	EndGlobalSection
	GlobalSection(NestedProjects) = preSolution
		{3838D5D5-EE20-4685-92AD-0BD65D63DC26} = {0AB3BF05-4346-4AA6-1389-037BE0695223}
	EndGlobalSection
EndGlobal
